
Microsoft Visual Studio Solution File, Format Version 12.00
Project("{FAE04EC0-301F-11D3-BF4B-00C04F79EFBC}") = "AccountService", "AccountService\AccountService.csproj", "{DFB37F1D-78DE-425B-8FA9-E8F796A151D5}"
EndProject
Global
	GlobalSection(SolutionConfigurationPlatforms) = preSolution
		Debug|Any CPU = Debug|Any CPU
		Release|Any CPU = Release|Any CPU
	EndGlobalSection
	GlobalSection(ProjectConfigurationPlatforms) = postSolution
		{DFB37F1D-78DE-425B-8FA9-E8F796A151D5}.Debug|Any CPU.ActiveCfg = Debug|Any CPU
		{DFB37F1D-78DE-425B-8FA9-E8F796A151D5}.Debug|Any CPU.Build.0 = Debug|Any CPU
		{DFB37F1D-78DE-425B-8FA9-E8F796A151D5}.Release|Any CPU.ActiveCfg = Release|Any CPU
		{DFB37F1D-78DE-425B-8FA9-E8F796A151D5}.Release|Any CPU.Build.0 = Release|Any CPU
	EndGlobalSection
EndGlobal
